
Microsoft Visual Studio Solution File, Format Version 12.00
# Visual Studio 15
VisualStudioVersion = 15.0.28307.271
MinimumVisualStudioVersion = 10.0.40219.1
Project("{FAE04EC0-301F-11D3-BF4B-00C04F79EFBC}") = "ExternalControllerInterface", "ExternalControllerInterface\ExternalControllerInterface.csproj", "{5BE1186A-DFC4-4CB7-9419-6D1B8A8CAF5B}"
EndProject
Global
	GlobalSection(SolutionConfigurationPlatforms) = preSolution
		Debug|Any CPU = Debug|Any CPU
		Release|Any CPU = Release|Any CPU
	EndGlobalSection
	GlobalSection(ProjectConfigurationPlatforms) = postSolution
		{5BE1186A-DFC4-4CB7-9419-6D1B8A8CAF5B}.Debug|Any CPU.ActiveCfg = Debug|Any CPU
		{5BE1186A-DFC4-4CB7-9419-6D1B8A8CAF5B}.Debug|Any CPU.Build.0 = Debug|Any CPU
		{5BE1186A-DFC4-4CB7-9419-6D1B8A8CAF5B}.Release|Any CPU.ActiveCfg = Release|Any CPU
		{5BE1186A-DFC4-4CB7-9419-6D1B8A8CAF5B}.Release|Any CPU.Build.0 = Release|Any CPU
	EndGlobalSection
	GlobalSection(SolutionProperties) = preSolution
		HideSolutionNode = FALSE
	EndGlobalSection
	GlobalSection(ExtensibilityGlobals) = postSolution
		SolutionGuid = {4354D3E3-9774-453A-80E2-0E6D679D0CB4}
	EndGlobalSection
EndGlobal
